chainguard.dev/apko v1.2.9 h1:VwkEy+kRaHzqw+FlWnmZ3ikzr0BMu+U5hCrm9c9BZPM=
chainguard.dev/apko v1.2.9/go.mod h1:QqLySr8qZy4QIY5vOnJjnsdGKa45QrerxmBpNFJbEuE=
chainguard.dev/go-grpc-kit v0.17.17 h1:Jwhc0zyUwQbC2hNcsi+YMeUX/JUnM+dXVCkTw6wtPzs=
chainguard.dev/go-grpc-kit v0.17.17/go.mod h1:qn0meP6RtrbLicE1bgBZnnVU9dvX95eLs0x0T6kZ+b4=
chainguard.dev/sdk v0.1.56 h1:1q8/ysylCInxcToBydSDvTzmRJsLnUSUnZ+MYWrlyx8=
chainguard.dev/sdk v0.1.56/go.mod h1:+XJuQqlH2P97oIo7xuO5e7GTUq0fzYn2aKNLUT2ckzE=
cloud.google.com/go/auth v0.20.0 h1:kXTssoVb4azsVDoUiF8KvxAqrsQcQtB53DcSgta74CA=
cloud.google.com/go/auth v0.20.0/go.mod h1:942/yi/itH1SsmpyrbnTMDgGfdy2BUqIKyd0cyYLc5Q=
cloud.google.com/go/auth/oauth2adapt v0.2.8 h1:keo8NaayQZ6wimpNSmW5OPc283g65QNIiLpZnkHRbnc=
cloud.google.com/go/auth/oauth2adapt v0.2.8/go.mod h1:XQ9y31RkqZCcwJWNSx2Xvric3RrU88hAYYbjDWYDL+c=
cloud.google.com/go/compute/metadata v0.9.0 h1:pDUj4QMoPejqq20dK0Pg2N4yG9zIkYGdBtwLoEkH9Zs=
cloud.google.com/go/compute/metadata v0.9.0/go.mod h1:E0bWwX5wTnLPedCKqk3pJmVgCBSM6qQI1yTBdEb3C10=
filippo.io/edwards25519 v1.2.0 h1:crnVqOiS4jqYleHd9vaKZ+HKtHfllngJIiOpNpoJsjo=
filippo.io/edwards25519 v1.2.0/go.mod h1:xzAOLCNug/yB62zG1bQ8uziwrIqIuxhctzJT18Q77mc=
github.com/AdaLogics/go-fuzz-headers v0.0.0-20240806141605-e8a1dd7889d6 h1:He8afgbRMd7mFxO99hRNu+6tazq8nFF9lIwo9JFroBk=
github.com/AdaLogics/go-fuzz-headers v0.0.0-20240806141605-e8a1dd7889d6/go.mod h1:8o94RPi1/7XTJvwPpRSzSUedZrtlirdB3r9Z20bi2f8=
github.com/Azure/go-ansiterm v0.0.0-20250102033503-faa5f7b0171c h1:udKWzYgxTojEKWjV8V+WSxDXJ4NFATAsZjh8iIbsQIg=
github.com/Azure/go-ansiterm v0.0.0-20250102033503-faa5f7b0171c/go.mod h1:xomTg63KZ2rFqZQzSB4Vz2SUXa1BpHTVz9L5PTmPC4E=
github.com/MakeNowJust/heredoc v1.0.0 h1:cXCdzVdstXyiTqTvfqk9SDHpKNjxuom+DOlyEeQ4pzQ=
github.com/MakeNowJust/heredoc v1.0.0/go.mod h1:mG5amYoWBHf8vpLOuehzbGGw0EHxpZZ6lCpQ4fNJ8LE=
github.com/Masterminds/semver/v3 v3.4.0 h1:Zog+i5UMtVoCU8oKka5P7i9q9HgrJeGzI9SA1Xbatp0=
github.com/Masterminds/semver/v3 v3.4.0/go.mod h1:4V+yj/TJE1HU9XfppCwVMZq3I84lprf4nC11bSS5beM=
github.com/Microsoft/go-winio v0.6.2 h1:F2VQgta7ecxGYO8k3ZZz3RS8fVIXVxONVUPlNERoyfY=
github.com/Microsoft/go-winio v0.6.2/go.mod h1:yd8OoFMLzJbo9gZq8j5qaps8bJ9aShtEA8Ipt1oGCvU=
github.com/aquasecurity/go-pep440-version v0.0.1 h1:8VKKQtH2aV61+0hovZS3T//rUF+6GDn18paFTVS0h0M=
github.com/aquasecurity/go-pep440-version v0.0.1/go.mod h1:3naPe+Bp6wi3n4l5iBFCZgS0JG8vY6FT0H4NGhFJ+i4=
github.com/aquasecurity/go-version v0.0.1 h1:4cNl516agK0TCn5F7mmYN+xVs1E3S45LkgZk3cbaW2E=
github.com/aquasecurity/go-version v0.0.1/go.mod h1:s1UU6/v2hctXcOa3OLwfj5d9yoXHa3ahf+ipSwEvGT0=
github.com/armon/go-radix v1.0.0 h1:F4z6KzEeeQIMeLFa97iZU6vupzoecKdU5TX24SNppXI=
github.com/armon/go-radix v1.0.0/go.mod h1:ufUuZ+zHj4x4TnLV4JWEpy2hxWSpsRywHrMgIH9cCH8=
github.com/avast/retry-go/v4 v4.7.0 h1:yjDs35SlGvKwRNSykujfjdMxMhMQQM0TnIjJaHB+Zio=
github.com/avast/retry-go/v4 v4.7.0/go.mod h1:ZMPDa3sY2bKgpLtap9JRUgk2yTAba7cgiFhqxY2Sg6Q=
github.com/beorn7/perks v1.0.1 h1:VlbKKnNfV8bJzeqoa4cOKqO6bYr3WgKZxO8Z16+hsOM=
github.com/beorn7/perks v1.0.1/go.mod h1:G2ZrVWU2WbWT9wwq4/hrbKbnv/1ERSJQ0ibhJ6rlkpw=
github.com/blang/semver/v4 v4.0.0 h1:1PFHFE6yCCTv8C1TeyNNarDzntLi7wMI5i/pzqYIsAM=
github.com/blang/semver/v4 v4.0.0/go.mod h1:IbckMUScFkM3pff0VJDNKRiT6TG/YpiHIM2yvyW5YoQ=
github.com/bshuster-repo/logrus-logstash-hook v1.0.0 h1:e+C0SB5R1pu//O4MQ3f9cFuPGoOVeF2fE4Og9otCc70=
github.com/bshuster-repo/logrus-logstash-hook v1.0.0/go.mod h1:zsTqEiSzDgAa/8GZR7E1qaXrhYNDKBYy5/dWPTIflbk=
github.com/cenkalti/backoff/v4 v4.3.0 h1:MyRJ/UdXutAwSAT+s3wNd7MfTIcy71VQueUuFK343L8=
github.com/cenkalti/backoff/v4 v4.3.0/go.mod h1:Y3VNntkOUPxTVeUxJ/G5vcM//AlwfmyYozVcomhLiZE=
github.com/cenkalti/backoff/v5 v5.0.3 h1:ZN+IMa753KfX5hd8vVaMixjnqRZ3y8CuJKRKj1xcsSM=
github.com/cenkalti/backoff/v5 v5.0.3/go.mod h1:rkhZdG3JZukswDf7f0cwqPNk4K0sa+F97BxZthm/crw=
github.com/cespare/xxhash/v2 v2.3.0 h1:UL815xU9SqsFlibzuggzjXhog7bL6oX9BbNZnL2UFvs=
github.com/cespare/xxhash/v2 v2.3.0/go.mod h1:VGX0DQ3Q6kWi7AoAeZDth3/j3BFtOZR5XLFGgcrjCOs=
github.com/chai2010/gettext-go v1.0.3 h1:9liNh8t+u26xl5ddmWLmsOsdNLwkdRTg5AG+JnTiM80=
github.com/chai2010/gettext-go v1.0.3/go.mod h1:y+wnP2cHYaVj19NZhYKAwEMH2CI1gNHeQQ+5AjwawxA=
github.com/chainguard-dev/clog v1.8.0 h1:frlTMEdg3XQR+ioQ6O9i92uigY8GTUcWKpuCFkhcCHA=
github.com/chainguard-dev/clog v1.8.0/go.mod h1:5MQOZi+Iu7fV7GcJG8ag8rCB5elEOpqRMKEASgnGVdo=
github.com/containerd/containerd v1.7.33 h1:iAkYGC/ifR/V+0eR4iXWHNGYUF0DF2PmGV5iz4Irj5M=
github.com/containerd/containerd v1.7.33/go.mod h1:gSbSCVjPCdkfJCjyrzz7aRC+xFlqVbatNpfHfVCYGUM=
github.com/containerd/errdefs v1.0.0 h1:tg5yIfIlQIrxYtu9ajqY42W3lpS19XqdxRQeEwYG8PI=
github.com/containerd/errdefs v1.0.0/go.mod h1:+YBYIdtsnF4Iw6nWZhJcqGSg/dwvV7tyJ/kCkyJ2k+M=
github.com/containerd/errdefs/pkg v0.3.0 h1:9IKJ06FvyNlexW690DXuQNx2KA2cUJXx151Xdx3ZPPE=
github.com/containerd/errdefs/pkg v0.3.0/go.mod h1:NJw6s9HwNuRhnjJhM7pylWwMyAkmCQvQ4GpJHEqRLVk=
github.com/containerd/log v0.1.0 h1:TCJt7ioM2cr/tfR8GPbGf9/VRAX8D2B4PjzCpfX540I=
github.com/containerd/log v0.1.0/go.mod h1:VRRf09a7mHDIRezVKTRCrOq78v577GXq3bSa3EhrzVo=
github.com/containerd/platforms v0.2.1 h1:zvwtM3rz2YHPQsF2CHYM8+KtB5dvhISiXh5ZpSBQv6A=
github.com/containerd/platforms v0.2.1/go.mod h1:XHCb+2/hzowdiut9rkudds9bE5yJ7npe7dG/wG+uFPw=
github.com/coreos/go-systemd/v22 v22.5.0 h1:RrqgGjYQKalulkV8NGVIfkXQf6YYmOyiJKk8iXXhfZs=
github.com/coreos/go-systemd/v22 v22.5.0/go.mod h1:Y58oyj3AT4RCenI/lSvhwexgC+NSVTIJ3seZv2GcEnc=
github.com/cpuguy83/go-md2man/v2 v2.0.6/go.mod h1:oOW0eioCTA6cOiMLiUPZOpcVxMig6NIQQ7OS05n1F4g=
github.com/creack/pty v1.1.24 h1:bJrF4RRfyJnbTJqzRLHzcGaZK1NeM5kTC9jGgovnR1s=
github.com/creack/pty v1.1.24/go.mod h1:08sCNb52WyoAwi2QDyzUCTgcvVFhUzewun7wtTfvcwE=
github.com/davecgh/go-spew v1.1.0/go.mod h1:J7Y8YcW2NihsgmVo/mv3lAwl/skON4iLHjSsI+c5H38=
github.com/davecgh/go-spew v1.1.1/go.mod h1:J7Y8YcW2NihsgmVo/mv3lAwl/skON4iLHjSsI+c5H38=
github.com/davecgh/go-spew v1.1.2-0.20180830191138-d8f796af33cc h1:U9qPSI2PIWSS1VwoXQT9A3Wy9MM3WgvqSxFWenqJduM=
github.com/davecgh/go-spew v1.1.2-0.20180830191138-d8f796af33cc/go.mod h1:J7Y8YcW2NihsgmVo/mv3lAwl/skON4iLHjSsI+c5H38=
github.com/dgryski/go-rendezvous v0.0.0-20200823014737-9f7001d12a5f h1:lO4WD4F/rVNCu3HqELle0jiPLLBs70cWOduZpkS1E78=
github.com/dgryski/go-rendezvous v0.0.0-20200823014737-9f7001d12a5f/go.mod h1:cuUVRXasLTGF7a8hSLbxyZXjz+1KgoB3wDUb6vlszIc=
github.com/distribution/distribution/v3 v3.0.0 h1:q4R8wemdRQDClzoNNStftB2ZAfqOiN6UX90KJc4HjyM=
github.com/distribution/distribution/v3 v3.0.0/go.mod h1:tRNuFoZsUdyRVegq8xGNeds4KLjwLCRin/tTo6i1DhU=
github.com/distribution/reference v0.6.0 h1:0IXCQ5g4/QMHHkarYzh5l+u8T3t73zM5QvfrDyIgxBk=
github.com/distribution/reference v0.6.0/go.mod h1:BbU0aIcezP1/5jX/8MP0YiH4SdvB5Y4f/wlDRiLyi3E=
github.com/docker/docker v28.5.2+incompatible h1:DBX0Y0zAjZbSrm1uzOkdr1onVghKaftjlSWt4AFexzM=
github.com/docker/docker v28.5.2+incompatible/go.mod h1:eEKB0N0r5NX/I1kEveEz05bcu8tLC/8azJZsviup8Sk=
github.com/docker/docker-credential-helpers v0.9.4 h1:76ItO69/AP/V4yT9V4uuuItG0B1N8hvt0T0c0NN/DzI=
github.com/docker/docker-credential-helpers v0.9.4/go.mod h1:v1S+hepowrQXITkEfw6o4+BMbGot02wiKpzWhGUZK6c=
github.com/docker/go-connections v0.6.0 h1:LlMG9azAe1TqfR7sO+NJttz1gy6KO7VJBh+pMmjSD94=
github.com/docker/go-connections v0.6.0/go.mod h1:AahvXYshr6JgfUJGdDCs2b5EZG/vmaMAntpSFH5BFKE=
github.com/docker/go-events v0.0.0-20190806004212-e31b211e4f1c h1:+pKlWGMw7gf6bQ+oDZB4KHQFypsfjYlq/C4rfL7D3g8=
github.com/docker/go-events v0.0.0-20190806004212-e31b211e4f1c/go.mod h1:Uw6UezgYA44ePAFQYUehOuCzmy5zmg/+nl2ZfMWGkpA=
github.com/docker/go-metrics v0.0.1 h1:AgB/0SvBxihN0X8OR4SjsblXkbMvalQ8cjmtKQ2rQV8=
github.com/docker/go-metrics v0.0.1/go.mod h1:cG1hvH2utMXtqgqqYE9plW6lDxS3/5ayHzueweSI3Vw=
github.com/docker/go-units v0.5.0 h1:69rxXcBk27SvSaaxTtLh/8llcHD8vYHT7WSdRZ/jvr4=
github.com/docker/go-units v0.5.0/go.mod h1:fgPhTUdO+D/Jk86RDLlptpiXQzgHJF7gydDDbaIK4Dk=
github.com/emicklei/go-restful/v3 v3.13.0 h1:C4Bl2xDndpU6nJ4bc1jXd+uTmYPVUwkD6bFY/oTyCes=
github.com/emicklei/go-restful/v3 v3.13.0/go.mod h1:6n3XBCmQQb25CM2LCACGz8ukIrRry+4bhvbpWn3mrbc=
github.com/evanphx/json-patch v5.9.11+incompatible h1:ixHHqfcGvxhWkniF1tWxBHA0yb4Z+d1UQi45df52xW8=
github.com/evanphx/json-patch v5.9.11+incompatible/go.mod h1:50XU6AFN0ol/bzJsmQLiYLvXMP4fmwYFNcr97nuDLSk=
github.com/exponent-io/jsonpath v0.0.0-20210407135951-1de76d718b3f h1:Wl78ApPPB2Wvf/TIe2xdyJxTlb6obmF18d8QdkxNDu4=
github.com/exponent-io/jsonpath v0.0.0-20210407135951-1de76d718b3f/go.mod h1:OSYXu++VVOHnXeitef/D8n/6y4QV8uLHSFXX4NeXMGc=
github.com/fatih/camelcase v1.0.0 h1:hxNvNX/xYBp0ovncs8WyWZrOrpBNub/JfaMvbURyft8=
github.com/fatih/camelcase v1.0.0/go.mod h1:yN2Sb0lFhZJUdVvtELVWefmrXpuZESvPmqwoZc+/fpc=
github.com/fatih/color v1.18.0 h1:S8gINlzdQ840/4pfAwic/ZE0djQEH3wM94VfqLTZcOM=
github.com/fatih/color v1.18.0/go.mod h1:4FelSpRwEGDpQ12mAdzqdOukCy4u8WUtOY6lkT/6HfU=
github.com/felixge/httpsnoop v1.0.4 h1:NFTV2Zj1bL4mc9sqWACXbQFVBBg2W3GPvqp8/ESS2Wg=
github.com/felixge/httpsnoop v1.0.4/go.mod h1:m8KPJKqk1gH5J9DgRY2ASl2lWCfGKXixSwevea8zH2U=
github.com/foxcpp/go-mockdns v1.2.0 h1:omK3OrHRD1IWJz1FuFBCFquhXslXoF17OvBS6JPzZF0=
github.com/foxcpp/go-mockdns v1.2.0/go.mod h1:IhLeSFGed3mJIAXPH2aiRQB+kqz7oqu8ld2qVbOu7Wk=
github.com/fxamacker/cbor/v2 v2.9.0 h1:NpKPmjDBgUfBms6tr6JZkTHtfFGcMKsw3eGcmD/sapM=
github.com/fxamacker/cbor/v2 v2.9.0/go.mod h1:vM4b+DJCtHn+zz7h3FFp/hDAI9WNWCsZj23V5ytsSxQ=
github.com/go-errors/errors v1.5.1 h1:ZwEMSLRCapFLflTpT7NKaAc7ukJ8ZPEjzlxt8rPN8bk=
github.com/go-errors/errors v1.5.1/go.mod h1:sIVyrIiJhuEF+Pj9Ebtd6P/rEYROXFi3BopGUQ5a5Og=
github.com/go-jose/go-jose/v3 v3.0.5 h1:BLLJWbC4nMZOfuPVxoZIxeYsn6Nl2r1fITaJ78UQlVQ=
github.com/go-jose/go-jose/v3 v3.0.5/go.mod h1:5b+7YgP7ZICgJDBdfjZaIt+H/9L9T/YQrVfLAMboGkQ=
github.com/go-logr/logr v1.2.2/go.mod h1:jdQByPbusPIv2/zmleS9BjJVeZ6kBagPoEUsqbVz/1A=
github.com/go-logr/logr v1.4.3 h1:CjnDlHq8ikf6E492q6eKboGOC0T8CDaOvkHCIg8idEI=
github.com/go-logr/logr v1.4.3/go.mod h1:9T104GzyrTigFIr8wt5mBrctHMim0Nb2HLGrmQ40KvY=
github.com/go-logr/stdr v1.2.2 h1:hSWxHoqTgW2S2qGc0LTAI563KZ5YKYRhT3MFKZMbjag=
github.com/go-logr/stdr v1.2.2/go.mod h1:mMo/vtBO5dYbehREoey6XUKy/eSumjCCveDpRre4VKE=
github.com/go-openapi/jsonpointer v0.21.1 h1:whnzv/pNXtK2FbX/W9yJfRmE2gsmkfahjMKB0fZvcic=
github.com/go-openapi/jsonpointer v0.21.1/go.mod h1:50I1STOfbY1ycR8jGz8DaMeLCdXiI6aDteEdRNNzpdk=
github.com/go-openapi/jsonreference v0.21.0 h1:Rs+Y7hSXT83Jacb7kFyjn4ijOuVGSvOdF2+tg1TRrwQ=
github.com/go-openapi/jsonreference v0.21.0/go.mod h1:LmZmgsrTkVg9LG4EaHeY8cBDslNPMo06cago5JNLkm4=
github.com/go-openapi/swag v0.23.1 h1:lpsStH0n2ittzTnbaSloVZLuB5+fvSY/+hnagBjSNZU=
github.com/go-openapi/swag v0.23.1/go.mod h1:STZs8TbRvEQQKUA+JZNAm3EWlgaOBGpyFDqQnDHMef0=
github.com/go-quicktest/qt v1.101.0 h1:O1K29Txy5P2OK0dGo59b7b0LR6wKfIhttaAhHUyn7eI=
github.com/go-quicktest/qt v1.101.0/go.mod h1:14Bz/f7NwaXPtdYEgzsx46kqSxVwTbzVZsDC26tQJow=
github.com/go-task/slim-sprig/v3 v3.0.0 h1:sUs3vkvUymDpBKi3qH1YSqBQk9+9D/8M2mN1vB6EwHI=
github.com/go-task/slim-sprig/v3 v3.0.0/go.mod h1:W848ghGpv3Qj3dhTPRyJypKRiqCdHZiAzKg9hl15HA8=
github.com/golang/protobuf v1.5.4 h1:i7eJL8qZTpSEXOPTxNKhASYpMn+8e5Q6AdndVa1dWek=
github.com/golang/protobuf v1.5.4/go.mod h1:lnTiLA8Wa4RWRcIUkrtSVa5nRhsEGBg48fD6rSs7xps=
github.com/google/btree v1.1.3 h1:CVpQJjYgC4VbzxeGVHfvZrv1ctoYCAI8vbl07Fcxlyg=
github.com/google/btree v1.1.3/go.mod h1:qOPhT0dTNdNzV6Z/lhRX0YXUafgPLFUh+gZMl761Gm4=
github.com/google/gnostic-models v0.7.0 h1:qwTtogB15McXDaNqTZdzPJRHvaVJlAl+HVQnLmJEJxo=
github.com/google/gnostic-models v0.7.0/go.mod h1:whL5G0m6dmc5cPxKc5bdKdEN3UjI7OUGxBlw57miDrQ=
github.com/google/go-cmp v0.4.0/go.mod h1:v8dTdLbMG2kIc/vJvl+f65V22dbkXbowE6jgT/gNBxE=
github.com/google/go-cmp v0.5.9/go.mod h1:17dUlkBOakJ0+DkrSSNjCkIjxS6bF9zb3elmeNGIjoY=
github.com/google/go-cmp v0.7.0 h1:wk8382ETsv4JYUZwIsn6YpYiWiBsYLSJiTsyBybVuN8=
github.com/google/go-cmp v0.7.0/go.mod h1:pXiqmnSA92OHEEa9HXL2W4E7lf9JzCmGVUdgjX3N/iU=
github.com/google/go-containerregistry v0.21.5 h1:KTJG9Pn/jC0VdZR6ctV3/jcN+q6/Iqlx0sTVz3ywZlM=
github.com/google/go-containerregistry v0.21.5/go.mod h1:ySvMuiWg+dOsRW0Hw8GYwfMwBlNRTmpYBFJPlkco5zU=
github.com/google/gofuzz v1.0.0/go.mod h1:dBl0BpW6vV/+mYPU4Po3pmUjxk6FQPldtuIdl/M65Eg=
github.com/google/pprof v0.0.0-20260115054156-294ebfa9ad83 h1:z2ogiKUYzX5Is6zr/vP9vJGqPwcdqsWjOt+V8J7+bTc=
github.com/google/pprof v0.0.0-20260115054156-294ebfa9ad83/go.mod h1:MxpfABSjhmINe3F1It9d+8exIHFvUqtLIRCdOGNXqiI=
github.com/google/s2a-go v0.1.9 h1:LGD7gtMgezd8a/Xak7mEWL0PjoTQFvpRudN895yqKW0=
github.com/google/s2a-go v0.1.9/go.mod h1:YA0Ei2ZQL3acow2O62kdp9UlnvMmU7kA6Eutn0dXayM=
github.com/google/uuid v1.6.0 h1:NIvaJDMOsjHA8n1jAhLSgzrAzy1Hgr+hNrb57e+94F0=
github.com/google/uuid v1.6.0/go.mod h1:TIyPZe4MgqvfeYDBFedMoGGpEw/LqOeaOT+nhxU+yHo=
github.com/googleapis/enterprise-certificate-proxy v0.3.15 h1:xolVQTEXusUcAA5UgtyRLjelpFFHWlPQ4XfWGc7MBas=
github.com/googleapis/enterprise-certificate-proxy v0.3.15/go.mod h1:vqVt9yG9480NtzREnTlmGSBmFrA+bzb0yl0TxoBQXOg=
github.com/googleapis/gax-go/v2 v2.22.0 h1:PjIWBpgGIVKGoCXuiCoP64altEJCj3/Ei+kSU5vlZD4=
github.com/googleapis/gax-go/v2 v2.22.0/go.mod h1:irWBbALSr0Sk3qlqb9SyJ1h68WjgeFuiOzI4Rqw5+aY=
github.com/gorilla/handlers v1.5.2 h1:cLTUSsNkgcwhgRqvCNmdbRWG0A3N4F+M2nWKdScwyEE=
github.com/gorilla/handlers v1.5.2/go.mod h1:dX+xVpaxdSw+q0Qek8SSsl3dfMk3jNddUkMzo0GtH0w=
github.com/gorilla/mux v1.8.1 h1:TuBL49tXwgrFYWhqrNgrUNEY92u81SPhu7sTdzQEiWY=
github.com/gorilla/mux v1.8.1/go.mod h1:AKf9I4AEqPTmMytcMc0KkNouC66V3BtZ4qD5fmWSiMQ=
github.com/grpc-ecosystem/go-grpc-middleware/providers/prometheus v1.1.0 h1:QGLs/O40yoNK9vmy4rhUGBVyMf1lISBGtXRpsu/Qu/o=
github.com/grpc-ecosystem/go-grpc-middleware/providers/prometheus v1.1.0/go.mod h1:hM2alZsMUni80N33RBe6J0e423LB+odMj7d3EMP9l20=
github.com/grpc-ecosystem/go-grpc-middleware/v2 v2.3.3 h1:B+8ClL/kCQkRiU82d9xajRPKYMrB7E0MbtzWVi1K4ns=
github.com/grpc-ecosystem/go-grpc-middleware/v2 v2.3.3/go.mod h1:NbCUVmiS4foBGBHOYlCT25+YmGpJ32dZPi75pGEUpj4=
github.com/grpc-ecosystem/grpc-gateway/v2 v2.28.0 h1:HWRh5R2+9EifMyIHV7ZV+MIZqgz+PMpZ14Jynv3O2Zs=
github.com/grpc-ecosystem/grpc-gateway/v2 v2.28.0/go.mod h1:JfhWUomR1baixubs02l85lZYYOm7LV6om4ceouMv45c=
github.com/hashicorp/errwrap v1.0.0/go.mod h1:YH+1FKiLXxHSkmPseP+kNlulaMuP3n2brvKWEqk/Jc4=
github.com/hashicorp/errwrap v1.1.0 h1:OxrOeh75EUXMY8TBjag2fzXGZ40LB6IKw45YeGUDY2I=
github.com/hashicorp/errwrap v1.1.0/go.mod h1:YH+1FKiLXxHSkmPseP+kNlulaMuP3n2brvKWEqk/Jc4=
github.com/hashicorp/go-cleanhttp v0.5.2 h1:035FKYIWjmULyFRBKPs8TBQoi0x6d9G4xc9neXJWAZQ=
github.com/hashicorp/go-cleanhttp v0.5.2/go.mod h1:kO/YDlP8L1346E6Sodw+PrpBSV4/SoxCXGY6BqNFT48=
github.com/hashicorp/go-hclog v1.6.3 h1:Qr2kF+eVWjTiYmU7Y31tYlP1h0q/X3Nl3tPGdaB11/k=
github.com/hashicorp/go-hclog v1.6.3/go.mod h1:W4Qnvbt70Wk/zYJryRzDRU/4r0kIg0PVHBcfoyhpF5M=
github.com/hashicorp/go-multierror v1.1.1 h1:H5DkEtf6CXdFp0N0Em5UCwQpXMWke8IA0+lD48awMYo=
github.com/hashicorp/go-multierror v1.1.1/go.mod h1:iw975J/qwKPdAO1clOe2L8331t/9/fmwbPZ6JB6eMoM=
github.com/hashicorp/go-retryablehttp v0.7.8 h1:ylXZWnqa7Lhqpk0L1P1LzDtGcCR0rPVUrx/c8Unxc48=
github.com/hashicorp/go-retryablehttp v0.7.8/go.mod h1:rjiScheydd+CxvumBsIrFKlx3iS0jrZ7LvzFGFmuKbw=
github.com/hashicorp/golang-lru/arc/v2 v2.0.5 h1:l2zaLDubNhW4XO3LnliVj0GXO3+/CGNJAg1dcN2Fpfw=
github.com/hashicorp/golang-lru/arc/v2 v2.0.5/go.mod h1:ny6zBSQZi2JxIeYcv7kt2sH2PXJtirBN7RDhRpxPkxU=
github.com/hashicorp/golang-lru/v2 v2.0.7 h1:a+bsQ5rvGLjzHuww6tVxozPZFVghXaHOwFs4luLUK2k=
github.com/hashicorp/golang-lru/v2 v2.0.7/go.mod h1:QeFd9opnmA6QUJc5vARoKUSoFhyfM2/ZepoAG6RGpeM=
github.com/inconshreveable/mousetrap v1.1.0 h1:wN+x4NVGpMsO7ErUn/mUI3vEoE6Jt13X2s0bqwp9tc8=
github.com/inconshreveable/mousetrap v1.1.0/go.mod h1:vpF70FUmC8bwa3OWnCshd2FqLfsEA9PFc4w1p2J65bw=
github.com/josharian/intern v1.0.0 h1:vlS4z54oSdjm0bgjRigI+G1HpF+tI+9rE5LLzOg8HmY=
github.com/josharian/intern v1.0.0/go.mod h1:5DoeVV0s6jJacbCEi61lwdGj/aVlrQvzHFFd8Hwg//Y=
github.com/json-iterator/go v1.1.12 h1:PV8peI4a0ysnczrg+LtxykD8LfKY9ML6u2jnxaEnrnM=
github.com/json-iterator/go v1.1.12/go.mod h1:e30LSqwooZae/UwlEbR2852Gd8hjQvJoHmT4TnhNGBo=
github.com/kelseyhightower/envconfig v1.4.0 h1:Im6hONhd3pLkfDFsbRgu68RDNkGF1r3dvMUtDTo2cv8=
github.com/kelseyhightower/envconfig v1.4.0/go.mod h1:cccZRl6mQpaq41TPp5QxidR+Sa3axMbJDNb//FQX6Gg=
github.com/klauspost/compress v1.18.6 h1:2jupLlAwFm95+YDR+NwD2MEfFO9d4z4Prjl1XXDjuao=
github.com/klauspost/compress v1.18.6/go.mod h1:cwPg85FWrGar70rWktvGQj8/hthj3wpl0PGDogxkrSQ=
github.com/kr/pretty v0.3.1 h1:flRD4NNwYAUpkphVc1HcthR4KEIFJ65n8Mw5qdRn3LE=
github.com/kr/pretty v0.3.1/go.mod h1:hoEshYVHaxMs3cyo3Yncou5ZscifuDolrwPKZanG3xk=
github.com/kr/text v0.2.0 h1:5Nx0Ya0ZqY2ygV366QzturHI13Jq95ApcVaJBhpS+AY=
github.com/kr/text v0.2.0/go.mod h1:eLer722TekiGuMkidMxC/pM04lWEeraHUUmBw8l2grE=
github.com/kylelemons/godebug v1.1.0 h1:RPNrshWIDI6G2gRW9EHilWtl7Z6Sb1BR0xunSBf0SNc=
github.com/kylelemons/godebug v1.1.0/go.mod h1:9/0rRGxNHcop5bhtWyNeEfOS8JIWk580+fNqagV/RAw=
github.com/liggitt/tabwriter v0.0.0-20181228230101-89fcab3d43de h1:9TO3cAIGXtEhnIaL+V+BEER86oLrvS+kWobKpbJuye0=
github.com/liggitt/tabwriter v0.0.0-20181228230101-89fcab3d43de/go.mod h1:zAbeS9B/r2mtpb6U+EI2rYA5OAXxsYw6wTamcNW+zcE=
github.com/lithammer/dedent v1.1.0 h1:VNzHMVCBNG1j0fh3OrsFRkVUwStdDArbgBWoPAffktY=
github.com/lithammer/dedent v1.1.0/go.mod h1:jrXYCQtgg0nJiN+StA2KgR7w6CiQNv9Fd/Z9BP0jIOc=
github.com/mailru/easyjson v0.9.0 h1:PrnmzHw7262yW8sTBwxi1PdJA3Iw/EKBa8psRf7d9a4=
github.com/mailru/easyjson v0.9.0/go.mod h1:1+xMtQp2MRNVL/V1bOzuP3aP8VNwRW55fQUto+XFtTU=
github.com/mattn/go-colorable v0.1.14 h1:9A9LHSqF/7dyVVX6g0U9cwm9pG3kP9gSzcuIPHPsaIE=
github.com/mattn/go-colorable v0.1.14/go.mod h1:6LmQG8QLFO4G5z1gPvYEzlUgJ2wF+stgPZH1UqBm1s8=
github.com/mattn/go-isatty v0.0.20 h1:xfD0iDuEKnDkl03q4limB+vH+GxLEtL/jb4xVJSWWEY=
github.com/mattn/go-isatty v0.0.20/go.mod h1:W+V8PltTTMOvKvAeJH7IuucS94S2C6jfK/D7dTCTo3Y=
github.com/miekg/dns v1.1.61 h1:nLxbwF3XxhwVSm8g9Dghm9MHPaUZuqhPiGL+675ZmEs=
github.com/miekg/dns v1.1.61/go.mod h1:mnAarhS3nWaW+NVP2wTkYVIZyHNJ098SJZUki3eykwQ=
github.com/mitchellh/go-wordwrap v1.0.1 h1:TLuKupo69TCn6TQSyGxwI1EblZZEsQ0vMlAFQflz0v0=
github.com/mitchellh/go-wordwrap v1.0.1/go.mod h1:R62XHJLzvMFRBbcrT7m7WgmE1eOyTSsCt+hzestvNj0=
github.com/moby/docker-image-spec v1.3.1 h1:jMKff3w6PgbfSa69GfNg+zN/XLhfXJGnEx3Nl2EsFP0=
github.com/moby/docker-image-spec v1.3.1/go.mod h1:eKmb5VW8vQEh/BAr2yvVNvuiJuY6UIocYsFu/DxxRpo=
github.com/moby/sys/atomicwriter v0.1.0 h1:kw5D/EqkBwsBFi0ss9v1VG3wIkVhzGvLklJ+w3A14Sw=
github.com/moby/sys/atomicwriter v0.1.0/go.mod h1:Ul8oqv2ZMNHOceF643P6FKPXeCmYtlQMvpizfsSoaWs=
github.com/moby/sys/sequential v0.6.0 h1:qrx7XFUd/5DxtqcoH1h438hF5TmOvzC/lspjy7zgvCU=
github.com/moby/sys/sequential v0.6.0/go.mod h1:uyv8EUTrca5PnDsdMGXhZe6CCe8U/UiTWd+lL+7b/Ko=
github.com/moby/term v0.5.2 h1:6qk3FJAFDs6i/q3W/pQ97SX192qKfZgGjCQqfCJkgzQ=
github.com/moby/term v0.5.2/go.mod h1:d3djjFCrjnB+fl8NJux+EJzu0msscUP+f8it8hPkFLc=
github.com/modern-go/concurrent v0.0.0-20180228061459-e0a39a4cb421/go.mod h1:6dJC0mAP4ikYIbvyc7fijjWJddQyLn8Ig3JB5CqoB9Q=
github.com/modern-go/concurrent v0.0.0-20180306012644-bacd9c7ef1dd h1:TRLaZ9cD/w8PVh93nsPXa1VrQ6jlwL5oN8l14QlcNfg=
github.com/modern-go/concurrent v0.0.0-20180306012644-bacd9c7ef1dd/go.mod h1:6dJC0mAP4ikYIbvyc7fijjWJddQyLn8Ig3JB5CqoB9Q=
github.com/modern-go/reflect2 v1.0.2/go.mod h1:yWuevngMOJpCy52FWWMvUC8ws7m/LJsjYzDa0/r8luk=
github.com/modern-go/reflect2 v1.0.3-0.20250322232337-35a7c28c31ee h1:W5t00kpgFdJifH4BDsTlE89Zl93FEloxaWZfGcifgq8=
github.com/modern-go/reflect2 v1.0.3-0.20250322232337-35a7c28c31ee/go.mod h1:yWuevngMOJpCy52FWWMvUC8ws7m/LJsjYzDa0/r8luk=
github.com/monochromegane/go-gitignore v0.0.0-20200626010858-205db1a8cc00 h1:n6/2gBQ3RWajuToeY6ZtZTIKv2v7ThUy5KKusIT0yc0=
github.com/monochromegane/go-gitignore v0.0.0-20200626010858-205db1a8cc00/go.mod h1:Pm3mSP3c5uWn86xMLZ5Sa7JB9GsEZySvHYXCTK4E9q4=
github.com/morikuni/aec v1.1.0 h1:vBBl0pUnvi/Je71dsRrhMBtreIqNMYErSAbEeb8jrXQ=
github.com/morikuni/aec v1.1.0/go.mod h1:xDRgiq/iw5l+zkao76YTKzKttOp2cwPEne25HDkJnBw=
github.com/munnerz/goautoneg v0.0.0-20191010083416-a7dc8b61c822 h1:C3w9PqII01/Oq1c1nUAm88MOHcQC9l5mIlSMApZMrHA=
github.com/munnerz/goautoneg v0.0.0-20191010083416-a7dc8b61c822/go.mod h1:+n7T8mK8HuQTcFwEeznm/DIxMOiR9yIdICNftLE1DvQ=
github.com/onsi/ginkgo/v2 v2.28.1 h1:S4hj+HbZp40fNKuLUQOYLDgZLwNUVn19N3Atb98NCyI=
github.com/onsi/ginkgo/v2 v2.28.1/go.mod h1:CLtbVInNckU3/+gC8LzkGUb9oF+e8W8TdUsxPwvdOgE=
github.com/onsi/gomega v1.39.1 h1:1IJLAad4zjPn2PsnhH70V4DKRFlrCzGBNrNaru+Vf28=
github.com/onsi/gomega v1.39.1/go.mod h1:hL6yVALoTOxeWudERyfppUcZXjMwIMLnuSfruD2lcfg=
github.com/opencontainers/go-digest v1.0.0 h1:apOUWs51W5PlhuyGyz9FCeeBIOUDA/6nW8Oi/yOhh5U=
github.com/opencontainers/go-digest v1.0.0/go.mod h1:0JzlMkj0TRzQZfJkVvzbP0HBR3IKzErnv2BNG4W4MAM=
github.com/opencontainers/image-spec v1.1.1 h1:y0fUlFfIZhPF1W537XOLg0/fcx6zcHCJwooC2xJA040=
github.com/opencontainers/image-spec v1.1.1/go.mod h1:qpqAh3Dmcf36wStyyWU+kCeDgrGnAve2nCC8+7h8Q0M=
github.com/peterbourgon/diskv v2.0.1+incompatible h1:UBdAOUP5p4RWqPBg048CAvpKN+vxiaj6gdUUzhl4XmI=
github.com/peterbourgon/diskv v2.0.1+incompatible/go.mod h1:uqqh8zWWbv1HBMNONnaR/tNboyR3/BZd58JJSHlUSCU=
github.com/phayes/freeport v0.0.0-20220201140144-74d24b5ae9f5 h1:Ii+DKncOVM8Cu1Hc+ETb5K+23HdAMvESYE3ZJ5b5cMI=
github.com/phayes/freeport v0.0.0-20220201140144-74d24b5ae9f5/go.mod h1:iIss55rKnNBTvrwdmkUpLnDpZoAHvWaiq5+iMmen4AE=
github.com/pkg/errors v0.9.1 h1:FEBLx1zS214owpjy7qsBeixbURkuhQAwrK5UwLGTwt4=
github.com/pkg/errors v0.9.1/go.mod h1:bwawxfHBFNV+L2hUp1rHADufV3IMtnDRdf1r5NINEl0=
github.com/pmezard/go-difflib v1.0.0/go.mod h1:iKH77koFhYxTK1pcRnkKkqfTogsbg7gZNVY4sRDYZ/4=
github.com/pmezard/go-difflib v1.0.1-0.20181226105442-5d4384ee4fb2 h1:Jamvg5psRIccs7FGNTlIRMkT8wgtp5eCXdBlqhYGL6U=
github.com/pmezard/go-difflib v1.0.1-0.20181226105442-5d4384ee4fb2/go.mod h1:iKH77koFhYxTK1pcRnkKkqfTogsbg7gZNVY4sRDYZ/4=
github.com/prometheus/client_golang v1.23.2 h1:Je96obch5RDVy3FDMndoUsjAhG5Edi49h0RJWRi/o0o=
github.com/prometheus/client_golang v1.23.2/go.mod h1:Tb1a6LWHB3/SPIzCoaDXI4I8UHKeFTEQ1YCr+0Gyqmg=
github.com/prometheus/client_model v0.6.2 h1:oBsgwpGs7iVziMvrGhE53c/GrLUsZdHnqNwqPLxwZyk=
github.com/prometheus/client_model v0.6.2/go.mod h1:y3m2F6Gdpfy6Ut/GBsUqTWZqCUvMVzSfMLjcu6wAwpE=
github.com/prometheus/common v0.67.5 h1:pIgK94WWlQt1WLwAC5j2ynLaBRDiinoAb86HZHTUGI4=
github.com/prometheus/common v0.67.5/go.mod h1:SjE/0MzDEEAyrdr5Gqc6G+sXI67maCxzaT3A2+HqjUw=
github.com/prometheus/procfs v0.20.1 h1:XwbrGOIplXW/AU3YhIhLODXMJYyC1isLFfYCsTEycfc=
github.com/prometheus/procfs v0.20.1/go.mod h1:o9EMBZGRyvDrSPH1RqdxhojkuXstoe4UlK79eF5TGGo=
github.com/redis/go-redis/extra/rediscmd/v9 v9.0.5 h1:EaDatTxkdHG+U3Bk4EUr+DZ7fOGwTfezUiUJMaIcaho=
github.com/redis/go-redis/extra/rediscmd/v9 v9.0.5/go.mod h1:fyalQWdtzDBECAQFBJuQe5bzQ02jGd5Qcbgb97Flm7U=
github.com/redis/go-redis/extra/redisotel/v9 v9.0.5 h1:EfpWLLCyXw8PSM2/XNJLjI3Pb27yVE+gIAfeqp8LUCc=
github.com/redis/go-redis/extra/redisotel/v9 v9.0.5/go.mod h1:WZjPDy7VNzn77AAfnAfVjZNvfJTYfPetfZk5yoSTLaQ=
github.com/redis/go-redis/v9 v9.7.3 h1:YpPyAayJV+XErNsatSElgRZZVCwXX9QzkKYNvO7x0wM=
github.com/redis/go-redis/v9 v9.7.3/go.mod h1:bGUrSggJ9X9GUmZpZNEOQKaANxSGgOEBRltRTZHSvrA=
github.com/rogpeppe/go-internal v1.14.1 h1:UQB4HGPB6osV0SQTLymcB4TgvyWu6ZyliaW0tI/otEQ=
github.com/rogpeppe/go-internal v1.14.1/go.mod h1:MaRKkUm5W0goXpeCfT7UZI6fk/L7L7so1lCWt35ZSgc=
github.com/russross/blackfriday/v2 v2.1.0 h1:JIOH55/0cWyOuilr9/qlrm0BSXldqnqwMsf35Ld67mk=
github.com/russross/blackfriday/v2 v2.1.0/go.mod h1:+Rmxgy9KzJVeS9/2gXHxylqXiyQDYRxCVz55jmeOWTM=
github.com/sergi/go-diff v1.4.0 h1:n/SP9D5ad1fORl+llWyN+D6qoUETXNZARKjyY2/KVCw=
github.com/sergi/go-diff v1.4.0/go.mod h1:A0bzQcvG0E7Rwjx0REVgAGH58e96+X0MeOfepqsbeW4=
github.com/sirupsen/logrus v1.9.4 h1:TsZE7l11zFCLZnZ+teH4Umoq5BhEIfIzfRDZ1Uzql2w=
github.com/sirupsen/logrus v1.9.4/go.mod h1:ftWc9WdOfJ0a92nsE2jF5u5ZwH8Bv2zdeOC42RjbV2g=
github.com/spf13/cobra v1.10.2 h1:DMTTonx5m65Ic0GOoRY2c16WCbHxOOw6xxezuLaBpcU=
github.com/spf13/cobra v1.10.2/go.mod h1:7C1pvHqHw5A4vrJfjNwvOdzYu0Gml16OCs2GRiTUUS4=
github.com/spf13/pflag v1.0.9/go.mod h1:McXfInJRrz4CZXVZOBLb0bTZqETkiAhM9Iw0y3An2Bg=
github.com/spf13/pflag v1.0.10 h1:4EBh2KAYBwaONj6b2Ye1GiHfwjqyROoF4RwYO+vPwFk=
github.com/spf13/pflag v1.0.10/go.mod h1:McXfInJRrz4CZXVZOBLb0bTZqETkiAhM9Iw0y3An2Bg=
github.com/stretchr/objx v0.1.0/go.mod h1:HFkY916IF+rwdDfMAkV7OtwuqBVzrE8GR6GFx+wExME=
github.com/stretchr/objx v0.4.0/go.mod h1:YvHI0jy2hoMjB+UWwv71VJQ9isScKT/TqJzVSSt89Yw=
github.com/stretchr/objx v0.5.0/go.mod h1:Yh+to48EsGEfYuaHDzXPcE3xhTkx73EhmCGUpEOglKo=
github.com/stretchr/objx v0.5.2 h1:xuMeJ0Sdp5ZMRXx/aWO6RZxdr3beISkG5/G/aIRr3pY=
github.com/stretchr/objx v0.5.2/go.mod h1:FRsXN1f5AsAjCGJKqEizvkpNtU+EGNCLh3NxZ/8L+MA=
github.com/stretchr/testify v1.3.0/go.mod h1:M5WIy9Dh21IEIfnGCwXGc5bZfKNJtfHm1UVUgZn+9EI=
github.com/stretchr/testify v1.6.1/go.mod h1:6Fq8oRcR53rry900zMqJjRRixrwX3KX962/h/Wwjteg=
github.com/stretchr/testify v1.7.0/go.mod h1:6Fq8oRcR53rry900zMqJjRRixrwX3KX962/h/Wwjteg=
github.com/stretchr/testify v1.7.1/go.mod h1:6Fq8oRcR53rry900zMqJjRRixrwX3KX962/h/Wwjteg=
github.com/stretchr/testify v1.8.0/go.mod h1:yNjHg4UonilssWZ8iaSj1OCr/vHnekPRkoO+kdMU+MU=
github.com/stretchr/testify v1.8.4/go.mod h1:sz/lmYIOXD/1dqDmKjjqLyZ2RngseejIcXlSw2iwfAo=
github.com/stretchr/testify v1.11.1 h1:7s2iGBzp5EwR7/aIZr8ao5+dra3wiQyKjjFuvgVKu7U=
github.com/stretchr/testify v1.11.1/go.mod h1:wZwfW3scLgRK+23gO65QZefKpKQRnfz6sD981Nm4B6U=
github.com/x448/float16 v0.8.4 h1:qLwI1I70+NjRFUR3zs1JPUCgaCXSh3SW62uAKT1mSBM=
github.com/x448/float16 v0.8.4/go.mod h1:14CWIYCyZA/cWjXOioeEpHeN/83MdbZDRQHoFcYsOfg=
github.com/xlab/treeprint v1.2.0 h1:HzHnuAF1plUN2zGlAFHbSQP2qJ0ZAD3XF5XD7OesXRQ=
github.com/xlab/treeprint v1.2.0/go.mod h1:gj5Gd3gPdKtR1ikdDK6fnFLdmIS0X30kTTuNd/WEJu0=
github.com/yuin/goldmark v1.4.13/go.mod h1:6yULJ656Px+3vBD8DxQVa3kxgyrAnzto9xy5taEt/CY=
go.lsp.dev/uri v0.3.0 h1:KcZJmh6nFIBeJzTugn5JTU6OOyG0lDOo3R9KwTxTYbo=
go.lsp.dev/uri v0.3.0/go.mod h1:P5sbO1IQR+qySTWOCnhnK7phBx+W3zbLqSMDJNTw88I=
go.opentelemetry.io/auto/sdk v1.2.1 h1:jXsnJ4Lmnqd11kwkBV2LgLoFMZKizbCi5fNZ/ipaZ64=
go.opentelemetry.io/auto/sdk v1.2.1/go.mod h1:KRTj+aOaElaLi+wW1kO/DZRXwkF4C5xPbEe3ZiIhN7Y=
go.opentelemetry.io/contrib/bridges/prometheus v0.57.0 h1:UW0+QyeyBVhn+COBec3nGhfnFe5lwB0ic1JBVjzhk0w=
go.opentelemetry.io/contrib/bridges/prometheus v0.57.0/go.mod h1:ppciCHRLsyCio54qbzQv0E4Jyth/fLWDTJYfvWpcSVk=
go.opentelemetry.io/contrib/exporters/autoexport v0.57.0 h1:jmTVJ86dP60C01K3slFQa2NQ/Aoi7zA+wy7vMOKD9H4=
go.opentelemetry.io/contrib/exporters/autoexport v0.57.0/go.mod h1:EJBheUMttD/lABFyLXhce47Wr6DPWYReCzaZiXadH7g=
go.opentelemetry.io/contrib/instrumentation/google.golang.org/grpc/otelgrpc v0.67.0 h1:yI1/OhfEPy7J9eoa6Sj051C7n5dvpj0QX8g4sRchg04=
go.opentelemetry.io/contrib/instrumentation/google.golang.org/grpc/otelgrpc v0.67.0/go.mod h1:NoUCKYWK+3ecatC4HjkRktREheMeEtrXoQxrqYFeHSc=
go.opentelemetry.io/contrib/instrumentation/net/http/otelhttp v0.67.0 h1:OyrsyzuttWTSur2qN/Lm0m2a8yqyIjUVBZcxFPuXq2o=
go.opentelemetry.io/contrib/instrumentation/net/http/otelhttp v0.67.0/go.mod h1:C2NGBr+kAB4bk3xtMXfZ94gqFDtg/GkI7e9zqGh5Beg=
go.opentelemetry.io/otel v1.43.0 h1:mYIM03dnh5zfN7HautFE4ieIig9amkNANT+xcVxAj9I=
go.opentelemetry.io/otel v1.43.0/go.mod h1:JuG+u74mvjvcm8vj8pI5XiHy1zDeoCS2LB1spIq7Ay0=
go.opentelemetry.io/otel/exporters/otlp/otlplog/otlploggrpc v0.8.0 h1:WzNab7hOOLzdDF/EoWCt4glhrbMPVMOO5JYTmpz36Ls=
go.opentelemetry.io/otel/exporters/otlp/otlplog/otlploggrpc v0.8.0/go.mod h1:hKvJwTzJdp90Vh7p6q/9PAOd55dI6WA6sWj62a/JvSs=
go.opentelemetry.io/otel/exporters/otlp/otlplog/otlploghttp v0.8.0 h1:S+LdBGiQXtJdowoJoQPEtI52syEP/JYBUpjO49EQhV8=
go.opentelemetry.io/otel/exporters/otlp/otlplog/otlploghttp v0.8.0/go.mod h1:5KXybFvPGds3QinJWQT7pmXf+TN5YIa7CNYObWRkj50=
go.opentelemetry.io/otel/exporters/otlp/otlpmetric/otlpmetricgrpc v1.32.0 h1:j7ZSD+5yn+lo3sGV69nW04rRR0jhYnBwjuX3r0HvnK0=
go.opentelemetry.io/otel/exporters/otlp/otlpmetric/otlpmetricgrpc v1.32.0/go.mod h1:WXbYJTUaZXAbYd8lbgGuvih0yuCfOFC5RJoYnoLcGz8=
go.opentelemetry.io/otel/exporters/otlp/otlpmetric/otlpmetrichttp v1.32.0 h1:t/Qur3vKSkUCcDVaSumWF2PKHt85pc7fRvFuoVT8qFU=
go.opentelemetry.io/otel/exporters/otlp/otlpmetric/otlpmetrichttp v1.32.0/go.mod h1:Rl61tySSdcOJWoEgYZVtmnKdA0GeKrSqkHC1t+91CH8=
go.opentelemetry.io/otel/exporters/otlp/otlptrace v1.42.0 h1:THuZiwpQZuHPul65w4WcwEnkX2QIuMT+UFoOrygtoJw=
go.opentelemetry.io/otel/exporters/otlp/otlptrace v1.42.0/go.mod h1:J2pvYM5NGHofZ2/Ru6zw/TNWnEQp5crgyDeSrYpXkAw=
go.opentelemetry.io/otel/exporters/otlp/otlptrace/otlptracegrpc v1.42.0 h1:zWWrB1U6nqhS/k6zYB74CjRpuiitRtLLi68VcgmOEto=
go.opentelemetry.io/otel/exporters/otlp/otlptrace/otlptracegrpc v1.42.0/go.mod h1:2qXPNBX1OVRC0IwOnfo1ljoid+RD0QK3443EaqVlsOU=
go.opentelemetry.io/otel/exporters/otlp/otlptrace/otlptracehttp v1.32.0 h1:cMyu9O88joYEaI47CnQkxO1XZdpoTF9fEnW2duIddhw=
go.opentelemetry.io/otel/exporters/otlp/otlptrace/otlptracehttp v1.32.0/go.mod h1:6Am3rn7P9TVVeXYG+wtcGE7IE1tsQ+bP3AuWcKt/gOI=
go.opentelemetry.io/otel/exporters/prometheus v0.54.0 h1:rFwzp68QMgtzu9PgP3jm9XaMICI6TsofWWPcBDKwlsU=
go.opentelemetry.io/otel/exporters/prometheus v0.54.0/go.mod h1:QyjcV9qDP6VeK5qPyKETvNjmaaEc7+gqjh4SS0ZYzDU=
go.opentelemetry.io/otel/exporters/stdout/stdoutlog v0.8.0 h1:CHXNXwfKWfzS65yrlB2PVds1IBZcdsX8Vepy9of0iRU=
go.opentelemetry.io/otel/exporters/stdout/stdoutlog v0.8.0/go.mod h1:zKU4zUgKiaRxrdovSS2amdM5gOc59slmo/zJwGX+YBg=
go.opentelemetry.io/otel/exporters/stdout/stdoutmetric v1.32.0 h1:SZmDnHcgp3zwlPBS2JX2urGYe/jBKEIT6ZedHRUyCz8=
go.opentelemetry.io/otel/exporters/stdout/stdoutmetric v1.32.0/go.mod h1:fdWW0HtZJ7+jNpTKUR0GpMEDP69nR8YBJQxNiVCE3jk=
go.opentelemetry.io/otel/exporters/stdout/stdouttrace v1.40.0 h1:MzfofMZN8ulNqobCmCAVbqVL5syHw+eB2qPRkCMA/fQ=
go.opentelemetry.io/otel/exporters/stdout/stdouttrace v1.40.0/go.mod h1:E73G9UFtKRXrxhBsHtG00TB5WxX57lpsQzogDkqBTz8=
go.opentelemetry.io/otel/log v0.8.0 h1:egZ8vV5atrUWUbnSsHn6vB8R21G2wrKqNiDt3iWertk=
go.opentelemetry.io/otel/log v0.8.0/go.mod h1:M9qvDdUTRCopJcGRKg57+JSQ9LgLBrwwfC32epk5NX8=
go.opentelemetry.io/otel/metric v1.43.0 h1:d7638QeInOnuwOONPp4JAOGfbCEpYb+K6DVWvdxGzgM=
go.opentelemetry.io/otel/metric v1.43.0/go.mod h1:RDnPtIxvqlgO8GRW18W6Z/4P462ldprJtfxHxyKd2PY=
go.opentelemetry.io/otel/sdk v1.43.0 h1:pi5mE86i5rTeLXqoF/hhiBtUNcrAGHLKQdhg4h4V9Dg=
go.opentelemetry.io/otel/sdk v1.43.0/go.mod h1:P+IkVU3iWukmiit/Yf9AWvpyRDlUeBaRg6Y+C58QHzg=
go.opentelemetry.io/otel/sdk/log v0.8.0 h1:zg7GUYXqxk1jnGF/dTdLPrK06xJdrXgqgFLnI4Crxvs=
go.opentelemetry.io/otel/sdk/log v0.8.0/go.mod h1:50iXr0UVwQrYS45KbruFrEt4LvAdCaWWgIrsN3ZQggo=
go.opentelemetry.io/otel/sdk/metric v1.43.0 h1:S88dyqXjJkuBNLeMcVPRFXpRw2fuwdvfCGLEo89fDkw=
go.opentelemetry.io/otel/sdk/metric v1.43.0/go.mod h1:C/RJtwSEJ5hzTiUz5pXF1kILHStzb9zFlIEe85bhj6A=
go.opentelemetry.io/otel/trace v1.43.0 h1:BkNrHpup+4k4w+ZZ86CZoHHEkohws8AY+WTX09nk+3A=
go.opentelemetry.io/otel/trace v1.43.0/go.mod h1:/QJhyVBUUswCphDVxq+8mld+AvhXZLhe+8WVFxiFff0=
go.opentelemetry.io/proto/otlp v1.10.0 h1:IQRWgT5srOCYfiWnpqUYz9CVmbO8bFmKcwYxpuCSL2g=
go.opentelemetry.io/proto/otlp v1.10.0/go.mod h1:/CV4QoCR/S9yaPj8utp3lvQPoqMtxXdzn7ozvvozVqk=
go.step.sm/crypto v0.77.2 h1:qFjjei+RHc5kP5R7NW9OUWT7SqWIuAOvOkXqg4fNWj8=
go.step.sm/crypto v0.77.2/go.mod h1:W0YJb9onM5l78qgkXIJ2Up6grnwW8EtpCKIza/NCg0o=
go.uber.org/goleak v1.3.0 h1:2K3zAYmnTNqV73imy9J1T3WC+gmCePx2hEGkimedGto=
go.uber.org/goleak v1.3.0/go.mod h1:CoHD4mav9JJNrW/WLlf7HGZPjdw8EucARQHekz1X6bE=
go.yaml.in/yaml/v2 v2.4.4 h1:tuyd0P+2Ont/d6e2rl3be67goVK4R6deVxCUX5vyPaQ=
go.yaml.in/yaml/v2 v2.4.4/go.mod h1:gMZqIpDtDqOfM0uNfy0SkpRhvUryYH0Z6wdMYcacYXQ=
go.yaml.in/yaml/v3 v3.0.4 h1:tfq32ie2Jv2UxXFdLJdh3jXuOzWiL1fo0bu/FbuKpbc=
go.yaml.in/yaml/v3 v3.0.4/go.mod h1:DhzuOOF2ATzADvBadXxruRBLzYTpT36CKvDb3+aBEFg=
golang.org/x/crypto v0.0.0-20190308221718-c2843e01d9a2/go.mod h1:djNgcEr1/C05ACkg1iLfiJU5Ep61QUkGW8qpdssI0+w=
golang.org/x/crypto v0.0.0-20210921155107-089bfa567519/go.mod h1:GvvjBRRGRdwPK5ydBHafDWAxML/pGHZbMvKqRZ5+Abc=
golang.org/x/crypto v0.19.0/go.mod h1:Iy9bg/ha4yyC70EfRS8jz+B6ybOBKMaSxLj6P6oBDfU=
golang.org/x/crypto v0.51.0 h1:IBPXwPfKxY7cWQZ38ZCIRPI50YLeevDLlLnyC5wRGTI=
golang.org/x/crypto v0.51.0/go.mod h1:8AdwkbraGNABw2kOX6YFPs3WM22XqI4EXEd8g+x7Oc8=
golang.org/x/mod v0.6.0-dev.0.20220419223038-86c51ed26bb4/go.mod h1:jJ57K6gSWd91VN4djpZkiMVwK6gcyfeH4XE8wZrZaV4=
golang.org/x/mod v0.8.0/go.mod h1:iBbtSCu2XBx23ZKBPSOrRkjjQPZFPuis4dIYUhu/chs=
golang.org/x/mod v0.35.0 h1:Ww1D637e6Pg+Zb2KrWfHQUnH2dQRLBQyAtpr/haaJeM=
golang.org/x/mod v0.35.0/go.mod h1:+GwiRhIInF8wPm+4AoT6L0FA1QWAad3OMdTRx4tFYlU=
golang.org/x/net v0.0.0-20190620200207-3b0461eec859/go.mod h1:z5CRVTTTmAJ677TzLLGU+0bjPO0LkuOLi4/5GtJWs/s=
golang.org/x/net v0.0.0-20210226172049-e18ecbb05110/go.mod h1:m0MpNAwzfU5UDzcl9v0D8zg8gWTRqZa9RBIspLL5mdg=
golang.org/x/net v0.0.0-20220722155237-a158d28d115b/go.mod h1:XRhObCWvk6IyKnWLug+ECip1KBveYUHfp+8e9klMJ9c=
golang.org/x/net v0.6.0/go.mod h1:2Tu9+aMcznHK/AK1HMvgo6xiTLG5rD5rZLDS+rp2Bjs=
golang.org/x/net v0.10.0/go.mod h1:0qNGK6F8kojg2nk9dLZ2mShWaEBan6FAoqfSigmmuDg=
golang.org/x/net v0.55.0 h1:bcvxaJn3e1U6InsFWt1JUq1aSjnRxLzT2rtD2KfkDF8=
golang.org/x/net v0.55.0/go.mod h1:L5U2KuzuOe1lY7Z+aWVIKK6qEeJXnXV9yzGA+WCHJww=
golang.org/x/oauth2 v0.36.0 h1:peZ/1z27fi9hUOFCAZaHyrpWG5lwe0RJEEEeH0ThlIs=
golang.org/x/oauth2 v0.36.0/go.mod h1:YDBUJMTkDnJS+A4BP4eZBjCqtokkg1hODuPjwiGPO7Q=
golang.org/x/sync v0.0.0-20190423024810-112230192c58/go.mod h1:RxMgew5VJxzue5/jJTE5uejpjVlOe/izrB70Jof72aM=
golang.org/x/sync v0.0.0-20220722155255-886fb9371eb4/go.mod h1:RxMgew5VJxzue5/jJTE5uejpjVlOe/izrB70Jof72aM=
golang.org/x/sync v0.1.0/go.mod h1:RxMgew5VJxzue5/jJTE5uejpjVlOe/izrB70Jof72aM=
golang.org/x/sync v0.20.0 h1:e0PTpb7pjO8GAtTs2dQ6jYa5BWYlMuX047Dco/pItO4=
golang.org/x/sync v0.20.0/go.mod h1:9xrNwdLfx4jkKbNva9FpL6vEN7evnE43NNNJQ2LF3+0=
golang.org/x/sys v0.0.0-20190215142949-d0b11bdaac8a/go.mod h1:STP8DvDyc/dI5b8T5hshtkjS+E42TnysNCUPdjciGhY=
golang.org/x/sys v0.0.0-20201119102817-f84b799fce68/go.mod h1:h1NjWce9XRLGQEsW7wpKNCjG9DtNlClVuFLEZdDNbEs=
golang.org/x/sys v0.0.0-20210615035016-665e8c7367d1/go.mod h1:oPkhp1MJrh7nUepCBck5+mAzfO9JrbApNNgaTdGDITg=
golang.org/x/sys v0.0.0-20210616094352-59db8d763f22/go.mod h1:oPkhp1MJrh7nUepCBck5+mAzfO9JrbApNNgaTdGDITg=
golang.org/x/sys v0.0.0-20220520151302-bc2c85ada10a/go.mod h1:oPkhp1MJrh7nUepCBck5+mAzfO9JrbApNNgaTdGDITg=
golang.org/x/sys v0.0.0-20220722155257-8c9f86f7a55f/go.mod h1:oPkhp1MJrh7nUepCBck5+mAzfO9JrbApNNgaTdGDITg=
golang.org/x/sys v0.5.0/go.mod h1:oPkhp1MJrh7nUepCBck5+mAzfO9JrbApNNgaTdGDITg=
golang.org/x/sys v0.6.0/go.mod h1:oPkhp1MJrh7nUepCBck5+mAzfO9JrbApNNgaTdGDITg=
golang.org/x/sys v0.8.0/go.mod h1:oPkhp1MJrh7nUepCBck5+mAzfO9JrbApNNgaTdGDITg=
golang.org/x/sys v0.17.0/go.mod h1:/VUhepiaJMQUp4+oa/7Zr1D23ma6VTLIYjOOTFZPUcA=
golang.org/x/sys v0.45.0 h1:dO4czNzziLiiXplLQgBCEpCvXQ3dnkn0SdaZSYdQ+FY=
golang.org/x/sys v0.45.0/go.mod h1:4GL1E5IUh+htKOUEOaiffhrAeqysfVGipDYzABqnCmw=
golang.org/x/term v0.0.0-20201126162022-7de9c90e9dd1/go.mod h1:bj7SfCRtBDWHUb9snDiAeCFNEtKQo2Wmx5Cou7ajbmo=
golang.org/x/term v0.0.0-20210927222741-03fcf44c2211/go.mod h1:jbD1KX2456YbFQfuXm/mYQcufACuNUgVhRMnK/tPxf8=
golang.org/x/term v0.5.0/go.mod h1:jMB1sMXY+tzblOD4FWmEbocvup2/aLOaQEp7JmGp78k=
golang.org/x/term v0.8.0/go.mod h1:xPskH00ivmX89bAKVGSKKtLOWNx2+17Eiy94tnKShWo=
golang.org/x/term v0.17.0/go.mod h1:lLRBjIVuehSbZlaOtGMbcMncT+aqLLLmKrsjNrUguwk=
golang.org/x/term v0.43.0 h1:S4RLU2sB31O/NCl+zFN9Aru9A/Cq2aqKpTZJ6B+DwT4=
golang.org/x/term v0.43.0/go.mod h1:lrhlHNdQJHO+1qVYiHfFKVuVioJIheAc3fBSMFYEIsk=
golang.org/x/text v0.3.0/go.mod h1:NqM8EUOU14njkJ3fqMW+pc6Ldnwhi/IjpwHt7yyuwOQ=
golang.org/x/text v0.3.3/go.mod h1:5Zoc/QRtKVWzQhOtBMvqHzDpF6irO9z98xDceosuGiQ=
golang.org/x/text v0.3.7/go.mod h1:u+2+/6zg+i71rQMx5EYifcz6MCKuco9NR6JIITiCfzQ=
golang.org/x/text v0.7.0/go.mod h1:mrYo+phRRbMaCq/xk9113O4dZlRixOauAjOtrjsXDZ8=
golang.org/x/text v0.9.0/go.mod h1:e1OnstbJyHTd6l/uOt8jFFHp6TRDWZR/bV3emEE/zU8=
golang.org/x/text v0.14.0/go.mod h1:18ZOQIKpY8NJVqYksKHtTdi31H5itFRjB5/qKTNYzSU=
golang.org/x/text v0.37.0 h1:Cqjiwd9eSg8e0QAkyCaQTNHFIIzWtidPahFWR83rTrc=
golang.org/x/text v0.37.0/go.mod h1:a5sjxXGs9hsn/AJVwuElvCAo9v8QYLzvavO5z2PiM38=
golang.org/x/time v0.15.0 h1:bbrp8t3bGUeFOx08pvsMYRTCVSMk89u4tKbNOZbp88U=
golang.org/x/time v0.15.0/go.mod h1:Y4YMaQmXwGQZoFaVFk4YpCt4FLQMYKZe9oeV/f4MSno=
golang.org/x/tools v0.0.0-20180917221912-90fa682c2a6e/go.mod h1:n7NCudcB/nEzxVGmLbDWY5pfWTLqBcC2KZ6jyYvM4mQ=
golang.org/x/tools v0.0.0-20191119224855-298f0cb1881e/go.mod h1:b+2E5dAYhXwXZwtnZ6UAqBI28+e2cm9otk0dWdXHAEo=
golang.org/x/tools v0.1.12/go.mod h1:hNGJHUnrk76NpqgfD5Aqm5Crs+Hm0VOH/i9J2+nxYbc=
golang.org/x/tools v0.6.0/go.mod h1:Xwgl3UAJ/d3gWutnCtw505GrjyAbvKui8lOU390QaIU=
golang.org/x/tools v0.44.0 h1:UP4ajHPIcuMjT1GqzDWRlalUEoY+uzoZKnhOjbIPD2c=
golang.org/x/tools v0.44.0/go.mod h1:KA0AfVErSdxRZIsOVipbv3rQhVXTnlU6UhKxHd1seDI=
golang.org/x/xerrors v0.0.0-20190717185122-a985d3407aa7/go.mod h1:I/5z698sn9Ka8TeJc9MKroUUfqBBauWjQqLJ2OPfmY0=
golang.org/x/xerrors v0.0.0-20191204190536-9bdfabe68543/go.mod h1:I/5z698sn9Ka8TeJc9MKroUUfqBBauWjQqLJ2OPfmY0=
golang.org/x/xerrors v0.0.0-20231012003039-104605ab7028 h1:+cNy6SZtPcJQH3LJVLOSmiC7MMxXNOb3PU/VUEz+EhU=
golang.org/x/xerrors v0.0.0-20231012003039-104605ab7028/go.mod h1:NDW/Ps6MPRej6fsCIbMTohpP40sJ/P/vI1MoTEGwX90=
gonum.org/v1/gonum v0.17.0 h1:VbpOemQlsSMrYmn7T2OUvQ4dqxQXU+ouZFQsZOx50z4=
gonum.org/v1/gonum v0.17.0/go.mod h1:El3tOrEuMpv2UdMrbNlKEh9vd86bmQ6vqIcDwxEOc1E=
google.golang.org/api v0.278.0 h1:W7jiRvRi53VYFfZ/HoZjQBtJk7gOFbHD8ot1RzVZU6E=
google.golang.org/api v0.278.0/go.mod h1:B9TqLBwJqVjp1mtt7WeoQwWRwvu/400y5lETOql+giQ=
google.golang.org/genproto v0.0.0-20260319201613-d00831a3d3e7 h1:XzmzkmB14QhVhgnawEVsOn6OFsnpyxNPRY9QV01dNB0=
google.golang.org/genproto v0.0.0-20260319201613-d00831a3d3e7/go.mod h1:L43LFes82YgSonw6iTXTxXUX1OlULt4AQtkik4ULL/I=
google.golang.org/genproto/googleapis/api v0.0.0-20260319201613-d00831a3d3e7 h1:41r6JMbpzBMen0R/4TZeeAmGXSJC7DftGINUodzTkPI=
google.golang.org/genproto/googleapis/api v0.0.0-20260319201613-d00831a3d3e7/go.mod h1:EIQZ5bFCfRQDV4MhRle7+OgjNtZ6P1PiZBgAKuxXu/Y=
google.golang.org/genproto/googleapis/rpc v0.0.0-20260427160629-7cedc36a6bc4 h1:tEkOQcXgF6dH1G+MVKZrfpYvozGrzb91k6ha7jireSM=
google.golang.org/genproto/googleapis/rpc v0.0.0-20260427160629-7cedc36a6bc4/go.mod h1:4Hqkh8ycfw05ld/3BWL7rJOSfebL2Q+DVDeRgYgxUU8=
google.golang.org/grpc v1.81.0 h1:W3G9N3KQf3BU+YuCtGKJk0CmxQNbAISICD/9AORxLIw=
google.golang.org/grpc v1.81.0/go.mod h1:xGH9GfzOyMTGIOXBJmXt+BX/V0kcdQbdcuwQ/zNw42I=
google.golang.org/protobuf v1.36.12-0.20260120151049-f2248ac996af h1:+5/Sw3GsDNlEmu7TfklWKPdQ0Ykja5VEmq2i817+jbI=
google.golang.org/protobuf v1.36.12-0.20260120151049-f2248ac996af/go.mod h1:HTf+CrKn2C3g5S8VImy6tdcUvCska2kB7j23XfzDpco=
gopkg.in/check.v1 v0.0.0-20161208181325-20d25e280405/go.mod h1:Co6ibVJAznAaIkqp8huTwlJQCZ016jof/cbN4VW5Yz0=
gopkg.in/check.v1 v1.0.0-20201130134442-10cb98267c6c h1:Hei/4ADfdWqJk1ZMxUNpqntNwaWcugrBjAiHlqqRiVk=
gopkg.in/check.v1 v1.0.0-20201130134442-10cb98267c6c/go.mod h1:JHkPIbrfpd72SG/EVd6muEfDQjcINNoR0C8j2r3qZ4Q=
gopkg.in/evanphx/json-patch.v4 v4.13.0 h1:czT3CmqEaQ1aanPc5SdlgQrrEIb8w/wwCvWWnfEbYzo=
gopkg.in/evanphx/json-patch.v4 v4.13.0/go.mod h1:p8EYWUEYMpynmqDbY58zCKCFZw8pRWMG4EsWvDvM72M=
gopkg.in/inf.v0 v0.9.1 h1:73M5CoZyi3ZLMOyDlQh031Cx6N9NDJ2Vvfl76EDAgDc=
gopkg.in/inf.v0 v0.9.1/go.mod h1:cWUDdTG/fYaXco+Dcufb5Vnc6Gp2YChqWtbxRZE0mXw=
gopkg.in/ini.v1 v1.67.1 h1:tVBILHy0R6e4wkYOn3XmiITt/hEVH4TFMYvAX2Ytz6k=
gopkg.in/ini.v1 v1.67.1/go.mod h1:x/cyOwCgZqOkJoDIJ3c1KNHMo10+nLGAhh+kn3Zizss=
gopkg.in/yaml.v2 v2.4.0 h1:D8xgwECY7CYvx+Y2n4sBz93Jn9JRvxdiyyo8CTfuKaY=
gopkg.in/yaml.v2 v2.4.0/go.mod h1:RDklbk79AGWmwhnvt/jBztapEOGDOx6ZbXqjP6csGnQ=
gopkg.in/yaml.v3 v3.0.0-20200313102051-9f266ea9e77c/go.mod h1:K4uyk7z7BCEPqu6E+C64Yfv1cQ7kz7rIZviUmN+EgEM=
gopkg.in/yaml.v3 v3.0.1 h1:fxVm/GzAzEWqLHuvctI91KS9hhNmmWOoWu0XTYJS7CA=
gopkg.in/yaml.v3 v3.0.1/go.mod h1:K4uyk7z7BCEPqu6E+C64Yfv1cQ7kz7rIZviUmN+EgEM=
gotest.tools/v3 v3.5.2 h1:7koQfIKdy+I8UTetycgUqXWSDwpgv193Ka+qRsmBY8Q=
gotest.tools/v3 v3.5.2/go.mod h1:LtdLGcnqToBH83WByAAi/wiwSFCArdFIUV/xxN4pcjA=
helm.sh/helm/v3 v3.20.2 h1:binM4rvPx5DcNsa1sIt7UZi55lRbu3pZUFmQkSoRh48=
helm.sh/helm/v3 v3.20.2/go.mod h1:Fl1kBaWCpkUrM6IYXPjQ3bdZQfFrogKArqptvueZ6Ww=
k8s.io/api v0.36.2 h1:TF6YDLIzKfccK7cq9YpTcGX8TJmEkHVRv78DM51fRYY=
k8s.io/api v0.36.2/go.mod h1:F4LbMO4brjZYh7yFkXWhynSvtB7YauxV4c+HHkNRGNg=
k8s.io/apiextensions-apiserver v0.35.1 h1:p5vvALkknlOcAqARwjS20kJffgzHqwyQRM8vHLwgU7w=
k8s.io/apiextensions-apiserver v0.35.1/go.mod h1:2CN4fe1GZ3HMe4wBr25qXyJnJyZaquy4nNlNmb3R7AQ=
k8s.io/apimachinery v0.36.2 h1:0PE/W/WNy1UX61NLbXY5TMbJ6UwLL6E6lAPkYrKFxbQ=
k8s.io/apimachinery v0.36.2/go.mod h1:fvf/HOLXq9RId0rnDIbN1OEBvHXdQbLMM8nu0LcBUf4=
k8s.io/cli-runtime v0.36.2 h1:CconTvEeV4DJs4ZX3HQKCFbFRGsm6OtuBM9yjmMP2VM=
k8s.io/cli-runtime v0.36.2/go.mod h1:LddcjiMf4YlnHO7c1Y7rEtDqL84FyiYVLco7V679GUU=
k8s.io/client-go v0.36.2 h1:bfgxmFKc9CgqsgX4xKLAAdmTQlWee7Ob/HlDOrJ5TBI=
k8s.io/client-go v0.36.2/go.mod h1:1vgO4OAlfPnoLcb+Rze2GF5rAr14w8qjrYMoyXJzQj0=
k8s.io/component-base v0.36.2 h1:Z0VH80O7Ng0HDZnZj3WRR3urEGa0kTwmO8CwEwjVK1w=
k8s.io/component-base v0.36.2/go.mod h1:mGfFOA7Gwpdm1VW2cwSQYbiDIlz8GD2WGwH88QSeCyA=
k8s.io/component-helpers v0.36.2 h1:YsqocS183ThSUw90OXsxkKxIgdQF4qWInwrn6pZdDH8=
k8s.io/component-helpers v0.36.2/go.mod h1:YrHgzezjsyXAFq9+gKw6IbgJg7IHEUVwK41eEAiTRR4=
k8s.io/klog/v2 v2.140.0 h1:Tf+J3AH7xnUzZyVVXhTgGhEKnFqye14aadWv7bzXdzc=
k8s.io/klog/v2 v2.140.0/go.mod h1:o+/RWfJ6PwpnFn7OyAG3QnO47BFsymfEfrz6XyYSSp0=
k8s.io/kube-openapi v0.0.0-20260317180543-43fb72c5454a h1:xCeOEAOoGYl2jnJoHkC3hkbPJgdATINPMAxaynU2Ovg=
k8s.io/kube-openapi v0.0.0-20260317180543-43fb72c5454a/go.mod h1:uGBT7iTA6c6MvqUvSXIaYZo9ukscABYi2btjhvgKGZ0=
k8s.io/kubectl v0.36.2 h1:rpUGGpeL09XVOLep2yle5jrtk//JA1L6ZHfkQQtVEwk=
k8s.io/kubectl v0.36.2/go.mod h1:gVbQ3B/yb4bSR2ggQ7rd0W6icUSWs7sduH4e16Vii+0=
k8s.io/utils v0.0.0-20260210185600-b8788abfbbc2 h1:AZYQSJemyQB5eRxqcPky+/7EdBj0xi3g0ZcxxJ7vbWU=
k8s.io/utils v0.0.0-20260210185600-b8788abfbbc2/go.mod h1:xDxuJ0whA3d0I4mf/C4ppKHxXynQ+fxnkmQH0vTHnuk=
mvdan.cc/sh/v3 v3.13.1 h1:DP3TfgZhDkT7lerUdnp6PTGKyxxzz6T+cOlY/xEvfWk=
mvdan.cc/sh/v3 v3.13.1/go.mod h1:lXJ8SexMvEVcHCoDvAGLZgFJ9Wsm2sulmoNEXGhYZD0=
oras.land/oras-go/v2 v2.6.0 h1:X4ELRsiGkrbeox69+9tzTu492FMUu7zJQW6eJU+I2oc=
oras.land/oras-go/v2 v2.6.0/go.mod h1:magiQDfG6H1O9APp+rOsvCPcW1GD2MM7vgnKY0Y+u1o=
sigs.k8s.io/json v0.0.0-20250730193827-2d320260d730 h1:IpInykpT6ceI+QxKBbEflcR5EXP7sU1kvOlxwZh5txg=
sigs.k8s.io/json v0.0.0-20250730193827-2d320260d730/go.mod h1:mdzfpAEoE6DHQEN0uh9ZbOCuHbLK5wOm7dK4ctXE9Tg=
sigs.k8s.io/kustomize/api v0.21.1 h1:lzqbzvz2CSvsjIUZUBNFKtIMsEw7hVLJp0JeSIVmuJs=
sigs.k8s.io/kustomize/api v0.21.1/go.mod h1:f3wkKByTrgpgltLgySCntrYoq5d3q7aaxveSagwTlwI=
sigs.k8s.io/kustomize/kyaml v0.21.1 h1:IVlbmhC076nf6foyL6Taw4BkrLuEsXUXNpsE+ScX7fI=
sigs.k8s.io/kustomize/kyaml v0.21.1/go.mod h1:hmxADesM3yUN2vbA5z1/YTBnzLJ1dajdqpQonwBL1FQ=
sigs.k8s.io/randfill v1.0.0 h1:JfjMILfT8A6RbawdsK2JXGBR5AQVfd+9TbzrlneTyrU=
sigs.k8s.io/randfill v1.0.0/go.mod h1:XeLlZ/jmk4i1HRopwe7/aU3H5n1zNUcX6TM94b3QxOY=
sigs.k8s.io/structured-merge-diff/v6 v6.3.2 h1:kwVWMx5yS1CrnFWA/2QHyRVJ8jM6dBA80uLmm0wJkk8=
sigs.k8s.io/structured-merge-diff/v6 v6.3.2/go.mod h1:M3W8sfWvn2HhQDIbGWj3S099YozAsymCo/wrT5ohRUE=
sigs.k8s.io/yaml v1.6.0 h1:G8fkbMSAFqgEFgh4b1wmtzDnioxFCUgTZhlbj5P9QYs=
sigs.k8s.io/yaml v1.6.0/go.mod h1:796bPqUfzR/0jLAl6XjHl3Ck7MiyVv8dbTdyT3/pMf4=
